
Microsoft Visual Studio Solution File, Format Version 12.00
# Visual Studio 15
VisualStudioVersion = 15.0.28010.2041
MinimumVisualStudioVersion = 10.0.40219.1
Project("{FAE04EC0-301F-11D3-BF4B-00C04F79EFBC}") = "MyWebApp", "MyWebApp\MyWebApp.csproj", "{0D756E86-1FC0-41AC-B96A-89486261FC9A}"
EndProject
Global
	GlobalSection(SolutionConfigurationPlatforms) = preSolution
		Debug|Any CPU = Debug|Any CPU
		Release|Any CPU = Release|Any CPU
	EndGlobalSection
	GlobalSection(ProjectConfigurationPlatforms) = postSolution
		{0D756E86-1FC0-41AC-B96A-89486261FC9A}.Debug|Any CPU.ActiveCfg = Debug|Any CPU
		{0D756E86-1FC0-41AC-B96A-89486261FC9A}.Debug|Any CPU.Build.0 = Debug|Any CPU
		{0D756E86-1FC0-41AC-B96A-89486261FC9A}.Release|Any CPU.ActiveCfg = Release|Any CPU
		{0D756E86-1FC0-41AC-B96A-89486261FC9A}.Release|Any CPU.Build.0 = Release|Any CPU
	EndGlobalSection
	GlobalSection(SolutionProperties) = preSolution
		HideSolutionNode = FALSE
	EndGlobalSection
	GlobalSection(ExtensibilityGlobals) = postSolution
		SolutionGuid = {FB39C010-95A5-4D22-B333-4D67E4D74D54}
	EndGlobalSection
EndGlobal
