
Microsoft Visual Studio Solution File, Format Version 12.00
# Visual Studio 15
VisualStudioVersion = 15.0.28010.2041
MinimumVisualStudioVersion = 10.0.40219.1
Project("{FAE04EC0-301F-11D3-BF4B-00C04F79EFBC}") = "MyUmbracoWebApp", "MyUmbracoWebApp\MyUmbracoWebApp.csproj", "{DCD4B091-411A-4789-AA0F-F05A7981822F}"
EndProject
Global
	GlobalSection(SolutionConfigurationPlatforms) = preSolution
		Debug|Any CPU = Debug|Any CPU
		Release|Any CPU = Release|Any CPU
	EndGlobalSection
	GlobalSection(ProjectConfigurationPlatforms) = postSolution
		{DCD4B091-411A-4789-AA0F-F05A7981822F}.Debug|Any CPU.ActiveCfg = Debug|Any CPU
		{DCD4B091-411A-4789-AA0F-F05A7981822F}.Debug|Any CPU.Build.0 = Debug|Any CPU
		{DCD4B091-411A-4789-AA0F-F05A7981822F}.Release|Any CPU.ActiveCfg = Release|Any CPU
		{DCD4B091-411A-4789-AA0F-F05A7981822F}.Release|Any CPU.Build.0 = Release|Any CPU
	EndGlobalSection
	GlobalSection(SolutionProperties) = preSolution
		HideSolutionNode = FALSE
	EndGlobalSection
	GlobalSection(ExtensibilityGlobals) = postSolution
		SolutionGuid = {8918D855-73BE-4F05-8F69-BC2F373B3D6A}
	EndGlobalSection
EndGlobal
